
Microsoft Visual Studio Solution File, Format Version 12.00
# Visual Studio Version 16
VisualStudioVersion = 16.0.30709.132
MinimumVisualStudioVersion = 10.0.40219.1
Project("{2150E333-8FDC-42A3-9474-1A3956D46DE8}") = "01 Creational", "01 Creational", "{6FF5B7D0-5B28-4200-AE37-7E0CCAE90DDF}"
EndProject
Project("{2150E333-8FDC-42A3-9474-1A3956D46DE8}") = "02 Structural", "02 Structural", "{7C0BE1DE-DB82-45F4-8479-D616BBF4AEC9}"
EndProject
Project("{2150E333-8FDC-42A3-9474-1A3956D46DE8}") = "03 Behavioral", "03 Behavioral", "{AE7EABEE-8F4E-44A1-B190-57EB817A8447}"
EndProject
Project("{9A19103F-16F7-4668-BE54-9A1E7A4F7556}") = "01 SimpleFactory", "Creational\SimpleFactory\01 SimpleFactory.csproj", "{80DEAB59-F761-489C-A558-C9D4CFAD0E74}"
EndProject
Project("{9A19103F-16F7-4668-BE54-9A1E7A4F7556}") = "02 FactoryMethod", "Creational\FactoryMethod\02 FactoryMethod.csproj", "{FD3C9332-B6BC-4172-A9A7-E215185717AA}"
EndProject
Project("{9A19103F-16F7-4668-BE54-9A1E7A4F7556}") = "03 AbstractFactory", "Creational\AbstractFactory\03 AbstractFactory.csproj", "{00702C8D-C624-4285-94ED-146A88CE3CD9}"
EndProject
Project("{9A19103F-16F7-4668-BE54-9A1E7A4F7556}") = "04 Builder", "Creational\Builder\04 Builder.csproj", "{FA323E62-78FC-46B0-A987-932EEB7D6268}"
EndProject
Project("{9A19103F-16F7-4668-BE54-9A1E7A4F7556}") = "05 Prototype", "Creational\Prototype\05 Prototype.csproj", "{C1C1D63C-D0F9-458E-AB84-7218E69EA1D7}"
EndProject
Project("{9A19103F-16F7-4668-BE54-9A1E7A4F7556}") = "06 Singleton", "Creational\Singleton\06 Singleton.csproj", "{C8D549F0-D7A0-4C06-9517-EB01FF99B85D}"
EndProject
Project("{9A19103F-16F7-4668-BE54-9A1E7A4F7556}") = "ObjectPool", "Creational\ObjectPool\ObjectPool.csproj", "{FB5B1C5C-1895-4E82-9772-631CC6549BD8}"
EndProject
Project("{9A19103F-16F7-4668-BE54-9A1E7A4F7556}") = "01 Adapter", "Structural\Adapter\01 Adapter.csproj", "{4C5C44F0-7243-4AC6-AA67-731BEAC97C6A}"
EndProject
Project("{9A19103F-16F7-4668-BE54-9A1E7A4F7556}") = "02 Bridge", "Structural\Bridge\02 Bridge.csproj", "{BC41D5D3-55DC-43A1-B465-F381B7E79DC7}"
EndProject
Project("{9A19103F-16F7-4668-BE54-9A1E7A4F7556}") = "03 Composite", "Structural\Composit\03 Composite.csproj", "{4D537581-4720-4E89-84DC-5A9D28B9F211}"
EndProject
Project("{FAE04EC0-301F-11D3-BF4B-00C04F79EFBC}") = "04 Decorator", "Structural\Decorator\04 Decorator.csproj", "{9145FE7A-1595-44A7-A6D4-4C255BA7C219}"
EndProject
Project("{FAE04EC0-301F-11D3-BF4B-00C04F79EFBC}") = "05 Facade", "Structural\Facade\05 Facade.csproj", "{8A21D171-1DD5-4D59-93A3-B7F4033C151D}"
EndProject
Project("{FAE04EC0-301F-11D3-BF4B-00C04F79EFBC}") = "06 Flyweight", "Structural\Flyweight\06 Flyweight.csproj", "{7B43B19D-6428-49FE-8A90-94325C2171B9}"
EndProject
Global
	GlobalSection(SolutionConfigurationPlatforms) = preSolution
		Debug|Any CPU = Debug|Any CPU
		Release|Any CPU = Release|Any CPU
	EndGlobalSection
	GlobalSection(ProjectConfigurationPlatforms) = postSolution
		{80DEAB59-F761-489C-A558-C9D4CFAD0E74}.Debug|Any CPU.ActiveCfg = Debug|Any CPU
		{80DEAB59-F761-489C-A558-C9D4CFAD0E74}.Debug|Any CPU.Build.0 = Debug|Any CPU
		{80DEAB59-F761-489C-A558-C9D4CFAD0E74}.Release|Any CPU.ActiveCfg = Release|Any CPU
		{80DEAB59-F761-489C-A558-C9D4CFAD0E74}.Release|Any CPU.Build.0 = Release|Any CPU
		{FD3C9332-B6BC-4172-A9A7-E215185717AA}.Debug|Any CPU.ActiveCfg = Debug|Any CPU
		{FD3C9332-B6BC-4172-A9A7-E215185717AA}.Debug|Any CPU.Build.0 = Debug|Any CPU
		{FD3C9332-B6BC-4172-A9A7-E215185717AA}.Release|Any CPU.ActiveCfg = Release|Any CPU
		{FD3C9332-B6BC-4172-A9A7-E215185717AA}.Release|Any CPU.Build.0 = Release|Any CPU
		{00702C8D-C624-4285-94ED-146A88CE3CD9}.Debug|Any CPU.ActiveCfg = Debug|Any CPU
		{00702C8D-C624-4285-94ED-146A88CE3CD9}.Debug|Any CPU.Build.0 = Debug|Any CPU
		{00702C8D-C624-4285-94ED-146A88CE3CD9}.Release|Any CPU.ActiveCfg = Release|Any CPU
		{00702C8D-C624-4285-94ED-146A88CE3CD9}.Release|Any CPU.Build.0 = Release|Any CPU
		{FA323E62-78FC-46B0-A987-932EEB7D6268}.Debug|Any CPU.ActiveCfg = Debug|Any CPU
		{FA323E62-78FC-46B0-A987-932EEB7D6268}.Debug|Any CPU.Build.0 = Debug|Any CPU
		{FA323E62-78FC-46B0-A987-932EEB7D6268}.Release|Any CPU.ActiveCfg = Release|Any CPU
		{FA323E62-78FC-46B0-A987-932EEB7D6268}.Release|Any CPU.Build.0 = Release|Any CPU
		{C1C1D63C-D0F9-458E-AB84-7218E69EA1D7}.Debug|Any CPU.ActiveCfg = Debug|Any CPU
		{C1C1D63C-D0F9-458E-AB84-7218E69EA1D7}.Debug|Any CPU.Build.0 = Debug|Any CPU
		{C1C1D63C-D0F9-458E-AB84-7218E69EA1D7}.Release|Any CPU.ActiveCfg = Release|Any CPU
		{C1C1D63C-D0F9-458E-AB84-7218E69EA1D7}.Release|Any CPU.Build.0 = Release|Any CPU
		{C8D549F0-D7A0-4C06-9517-EB01FF99B85D}.Debug|Any CPU.ActiveCfg = Debug|Any CPU
		{C8D549F0-D7A0-4C06-9517-EB01FF99B85D}.Debug|Any CPU.Build.0 = Debug|Any CPU
		{C8D549F0-D7A0-4C06-9517-EB01FF99B85D}.Release|Any CPU.ActiveCfg = Release|Any CPU
		{C8D549F0-D7A0-4C06-9517-EB01FF99B85D}.Release|Any CPU.Build.0 = Release|Any CPU
		{FB5B1C5C-1895-4E82-9772-631CC6549BD8}.Debug|Any CPU.ActiveCfg = Debug|Any CPU
		{FB5B1C5C-1895-4E82-9772-631CC6549BD8}.Debug|Any CPU.Build.0 = Debug|Any CPU
		{FB5B1C5C-1895-4E82-9772-631CC6549BD8}.Release|Any CPU.ActiveCfg = Release|Any CPU
		{FB5B1C5C-1895-4E82-9772-631CC6549BD8}.Release|Any CPU.Build.0 = Release|Any CPU
		{4C5C44F0-7243-4AC6-AA67-731BEAC97C6A}.Debug|Any CPU.ActiveCfg = Debug|Any CPU
		{4C5C44F0-7243-4AC6-AA67-731BEAC97C6A}.Debug|Any CPU.Build.0 = Debug|Any CPU
		{4C5C44F0-7243-4AC6-AA67-731BEAC97C6A}.Release|Any CPU.ActiveCfg = Release|Any CPU
		{4C5C44F0-7243-4AC6-AA67-731BEAC97C6A}.Release|Any CPU.Build.0 = Release|Any CPU
		{BC41D5D3-55DC-43A1-B465-F381B7E79DC7}.Debug|Any CPU.ActiveCfg = Debug|Any CPU
		{BC41D5D3-55DC-43A1-B465-F381B7E79DC7}.Debug|Any CPU.Build.0 = Debug|Any CPU
		{BC41D5D3-55DC-43A1-B465-F381B7E79DC7}.Release|Any CPU.ActiveCfg = Release|Any CPU
		{BC41D5D3-55DC-43A1-B465-F381B7E79DC7}.Release|Any CPU.Build.0 = Release|Any CPU
		{4D537581-4720-4E89-84DC-5A9D28B9F211}.Debug|Any CPU.ActiveCfg = Debug|Any CPU
		{4D537581-4720-4E89-84DC-5A9D28B9F211}.Debug|Any CPU.Build.0 = Debug|Any CPU
		{4D537581-4720-4E89-84DC-5A9D28B9F211}.Release|Any CPU.ActiveCfg = Release|Any CPU
		{4D537581-4720-4E89-84DC-5A9D28B9F211}.Release|Any CPU.Build.0 = Release|Any CPU
		{9145FE7A-1595-44A7-A6D4-4C255BA7C219}.Debug|Any CPU.ActiveCfg = Debug|Any CPU
		{9145FE7A-1595-44A7-A6D4-4C255BA7C219}.Debug|Any CPU.Build.0 = Debug|Any CPU
		{9145FE7A-1595-44A7-A6D4-4C255BA7C219}.Release|Any CPU.ActiveCfg = Release|Any CPU
		{9145FE7A-1595-44A7-A6D4-4C255BA7C219}.Release|Any CPU.Build.0 = Release|Any CPU
		{8A21D171-1DD5-4D59-93A3-B7F4033C151D}.Debug|Any CPU.ActiveCfg = Debug|Any CPU
		{8A21D171-1DD5-4D59-93A3-B7F4033C151D}.Debug|Any CPU.Build.0 = Debug|Any CPU
		{8A21D171-1DD5-4D59-93A3-B7F4033C151D}.Release|Any CPU.ActiveCfg = Release|Any CPU
		{8A21D171-1DD5-4D59-93A3-B7F4033C151D}.Release|Any CPU.Build.0 = Release|Any CPU
		{7B43B19D-6428-49FE-8A90-94325C2171B9}.Debug|Any CPU.ActiveCfg = Debug|Any CPU
		{7B43B19D-6428-49FE-8A90-94325C2171B9}.Debug|Any CPU.Build.0 = Debug|Any CPU
		{7B43B19D-6428-49FE-8A90-94325C2171B9}.Release|Any CPU.ActiveCfg = Release|Any CPU
		{7B43B19D-6428-49FE-8A90-94325C2171B9}.Release|Any CPU.Build.0 = Release|Any CPU
	EndGlobalSection
	GlobalSection(SolutionProperties) = preSolution
		HideSolutionNode = FALSE
	EndGlobalSection
	GlobalSection(NestedProjects) = preSolution
		{80DEAB59-F761-489C-A558-C9D4CFAD0E74} = {6FF5B7D0-5B28-4200-AE37-7E0CCAE90DDF}
		{FD3C9332-B6BC-4172-A9A7-E215185717AA} = {6FF5B7D0-5B28-4200-AE37-7E0CCAE90DDF}
		{00702C8D-C624-4285-94ED-146A88CE3CD9} = {6FF5B7D0-5B28-4200-AE37-7E0CCAE90DDF}
		{FA323E62-78FC-46B0-A987-932EEB7D6268} = {6FF5B7D0-5B28-4200-AE37-7E0CCAE90DDF}
		{C1C1D63C-D0F9-458E-AB84-7218E69EA1D7} = {6FF5B7D0-5B28-4200-AE37-7E0CCAE90DDF}
		{C8D549F0-D7A0-4C06-9517-EB01FF99B85D} = {6FF5B7D0-5B28-4200-AE37-7E0CCAE90DDF}
		{FB5B1C5C-1895-4E82-9772-631CC6549BD8} = {6FF5B7D0-5B28-4200-AE37-7E0CCAE90DDF}
		{4C5C44F0-7243-4AC6-AA67-731BEAC97C6A} = {7C0BE1DE-DB82-45F4-8479-D616BBF4AEC9}
		{BC41D5D3-55DC-43A1-B465-F381B7E79DC7} = {7C0BE1DE-DB82-45F4-8479-D616BBF4AEC9}
		{4D537581-4720-4E89-84DC-5A9D28B9F211} = {7C0BE1DE-DB82-45F4-8479-D616BBF4AEC9}
		{9145FE7A-1595-44A7-A6D4-4C255BA7C219} = {7C0BE1DE-DB82-45F4-8479-D616BBF4AEC9}
		{8A21D171-1DD5-4D59-93A3-B7F4033C151D} = {7C0BE1DE-DB82-45F4-8479-D616BBF4AEC9}
		{7B43B19D-6428-49FE-8A90-94325C2171B9} = {7C0BE1DE-DB82-45F4-8479-D616BBF4AEC9}
	EndGlobalSection
	GlobalSection(ExtensibilityGlobals) = postSolution
		SolutionGuid = {1420BDDF-9755-46BF-9D18-AC7D04979814}
	EndGlobalSection
EndGlobal
